
Microsoft Visual Studio Solution File, Format Version 12.00
# Visual Studio Version 17
VisualStudioVersion = 17.3.32825.248
MinimumVisualStudioVersion = 10.0.40219.1
Project("{FAE04EC0-301F-11D3-BF4B-00C04F79EFBC}") = "PracticaIncriptacion", "PracticaIncriptacion.csproj", "{BB898756-8743-4B8E-B907-7FD36A2D0940}"
EndProject
Global
	GlobalSection(SolutionConfigurationPlatforms) = preSolution
		Debug|Any CPU = Debug|Any CPU
		Release|Any CPU = Release|Any CPU
	EndGlobalSection
	GlobalSection(ProjectConfigurationPlatforms) = postSolution
		{BB898756-8743-4B8E-B907-7FD36A2D0940}.Debug|Any CPU.ActiveCfg = Debug|Any CPU
		{BB898756-8743-4B8E-B907-7FD36A2D0940}.Debug|Any CPU.Build.0 = Debug|Any CPU
		{BB898756-8743-4B8E-B907-7FD36A2D0940}.Release|Any CPU.ActiveCfg = Release|Any CPU
		{BB898756-8743-4B8E-B907-7FD36A2D0940}.Release|Any CPU.Build.0 = Release|Any CPU
	EndGlobalSection
	GlobalSection(SolutionProperties) = preSolution
		HideSolutionNode = FALSE
	EndGlobalSection
	GlobalSection(ExtensibilityGlobals) = postSolution
		SolutionGuid = {D1DA0484-1EE4-4648-8287-8422ADBB04C6}
	EndGlobalSection
EndGlobal
